// !$*UTF8*$!
{
	archiveVersion = 1;
	classes = {
	};
	objectVersion = 46;
	objects = {

/* Begin PBXBuildFile section */
		05AFE79C1E674625000640F2 /* AppDelegate.swift in Sources */ = {isa = PBXBuildFile; fileRef = 05AFE79B1E674625000640F2 /* AppDelegate.swift */; };
		05AFE7A11E674625000640F2 /* Main.storyboard in Resources */ = {isa = PBXBuildFile; fileRef = 05AFE79F1E674625000640F2 /* Main.storyboard */; };
		05AFE7A31E674625000640F2 /* Assets.xcassets in Resources */ = {isa = PBXBuildFile; fileRef = 05AFE7A21E674625000640F2 /* Assets.xcassets */; };
		05AFE7A61E674625000640F2 /* LaunchScreen.storyboard in Resources */ = {isa = PBXBuildFile; fileRef = 05AFE7A41E674625000640F2 /* LaunchScreen.storyboard */; };
		05AFE7B11E674626000640F2 /* WalkQuestTests.swift in Sources */ = {isa = PBXBuildFile; fileRef = 05AFE7B01E674626000640F2 /* WalkQuestTests.swift */; };
		05AFE7D31E6748B4000640F2 /* MainConfigurator.swift in Sources */ = {isa = PBXBuildFile; fileRef = 05AFE7CC1E6748B4000640F2 /* MainConfigurator.swift */; };
		05AFE7D41E6748B4000640F2 /* MainInteractor.swift in Sources */ = {isa = PBXBuildFile; fileRef = 05AFE7CD1E6748B4000640F2 /* MainInteractor.swift */; };
		05AFE7D51E6748B4000640F2 /* MainModels.swift in Sources */ = {isa = PBXBuildFile; fileRef = 05AFE7CE1E6748B4000640F2 /* MainModels.swift */; };
		05AFE7D61E6748B4000640F2 /* MainPresenter.swift in Sources */ = {isa = PBXBuildFile; fileRef = 05AFE7CF1E6748B4000640F2 /* MainPresenter.swift */; };
		05AFE7D71E6748B4000640F2 /* MainRouter.swift in Sources */ = {isa = PBXBuildFile; fileRef = 05AFE7D01E6748B4000640F2 /* MainRouter.swift */; };
		05AFE7D81E6748B4000640F2 /* MainViewController.swift in Sources */ = {isa = PBXBuildFile; fileRef = 05AFE7D11E6748B4000640F2 /* MainViewController.swift */; };
		05AFE7D91E6748B4000640F2 /* MainWorker.swift in Sources */ = {isa = PBXBuildFile; fileRef = 05AFE7D21E6748B4000640F2 /* MainWorker.swift */; };
		05AFE7E01E6748F6000640F2 /* MainInteractorTests.swift in Sources */ = {isa = PBXBuildFile; fileRef = 05AFE7DC1E6748F6000640F2 /* MainInteractorTests.swift */; };
		05AFE7E11E6748F6000640F2 /* MainPresenterTests.swift in Sources */ = {isa = PBXBuildFile; fileRef = 05AFE7DD1E6748F6000640F2 /* MainPresenterTests.swift */; };
		05AFE7E21E6748F6000640F2 /* MainViewControllerTests.swift in Sources */ = {isa = PBXBuildFile; fileRef = 05AFE7DE1E6748F6000640F2 /* MainViewControllerTests.swift */; };
		05AFE7E31E6748F6000640F2 /* MainWorkerTests.swift in Sources */ = {isa = PBXBuildFile; fileRef = 05AFE7DF1E6748F6000640F2 /* MainWorkerTests.swift */; };
		05AFE7EA1E674988000640F2 /* Player.swift in Sources */ = {isa = PBXBuildFile; fileRef = 05AFE7E91E674988000640F2 /* Player.swift */; };
		05AFE7EC1E674ADB000640F2 /* PlayersWorker.swift in Sources */ = {isa = PBXBuildFile; fileRef = 05AFE7EB1E674ADB000640F2 /* PlayersWorker.swift */; };
		05AFE7EE1E674F16000640F2 /* PlayersMemStore.swift in Sources */ = {isa = PBXBuildFile; fileRef = 05AFE7ED1E674F16000640F2 /* PlayersMemStore.swift */; };
		05AFE7F01E675081000640F2 /* PlayersWorkerTests.swift in Sources */ = {isa = PBXBuildFile; fileRef = 05AFE7EF1E675081000640F2 /* PlayersWorkerTests.swift */; };
		05AFE7F21E675398000640F2 /* PlayersMemStoreTests.swift in Sources */ = {isa = PBXBuildFile; fileRef = 05AFE7F11E675398000640F2 /* PlayersMemStoreTests.swift */; };
		05AFE8001E6774AA000640F2 /* TileOverlay.swift in Sources */ = {isa = PBXBuildFile; fileRef = 05AFE7FF1E6774AA000640F2 /* TileOverlay.swift */; };
		1F4B45753BA45EA6EF5C0438 /* Pods_WalkQuest.framework in Frameworks */ = {isa = PBXBuildFile; fileRef = 3D5600D0B08F39CF1C6E7C73 /* Pods_WalkQuest.framework */; };
		A5ACD1487ABFD6A8B9D28923 /* Pods_WalkQuestTests.framework in Frameworks */ = {isa = PBXBuildFile; fileRef = 9A327C86E7D8567B279E61EB /* Pods_WalkQuestTests.framework */; };
/* End PBXBuildFile section */

/* Begin PBXContainerItemProxy section */
		05AFE7AD1E674626000640F2 /* PBXContainerItemProxy */ = {
			isa = PBXContainerItemProxy;
			containerPortal = 05AFE7901E674625000640F2 /* Project object */;
			proxyType = 1;
			remoteGlobalIDString = 05AFE7971E674625000640F2;
			remoteInfo = WalkQuest;
		};
/* End PBXContainerItemProxy section */

/* Begin PBXFileReference section */
		05AFE7981E674625000640F2 /* WalkQuest.app */ = {isa = PBXFileReference; explicitFileType = wrapper.application; includeInIndex = 0; path = WalkQuest.app; sourceTree = BUILT_PRODUCTS_DIR; };
		05AFE79B1E674625000640F2 /* AppDelegate.swift */ = {isa = PBXFileReference; lastKnownFileType = sourcecode.swift; path = AppDelegate.swift; sourceTree = "<group>"; };
		05AFE7A01E674625000640F2 /* Base */ = {isa = PBXFileReference; lastKnownFileType = file.storyboard; name = Base; path = Base.lproj/Main.storyboard; sourceTree = "<group>"; };
		05AFE7A21E674625000640F2 /* Assets.xcassets */ = {isa = PBXFileReference; lastKnownFileType = folder.assetcatalog; path = Assets.xcassets; sourceTree = "<group>"; };
		05AFE7A51E674625000640F2 /* Base */ = {isa = PBXFileReference; lastKnownFileType = file.storyboard; name = Base; path = Base.lproj/LaunchScreen.storyboard; sourceTree = "<group>"; };
		05AFE7A71E674625000640F2 /* Info.plist */ = {isa = PBXFileReference; lastKnownFileType = text.plist.xml; path = Info.plist; sourceTree = "<group>"; };
		05AFE7AC1E674626000640F2 /* WalkQuestTests.xctest */ = {isa = PBXFileReference; explicitFileType = wrapper.cfbundle; includeInIndex = 0; path = WalkQuestTests.xctest; sourceTree = BUILT_PRODUCTS_DIR; };
		05AFE7B01E674626000640F2 /* WalkQuestTests.swift */ = {isa = PBXFileReference; lastKnownFileType = sourcecode.swift; path = WalkQuestTests.swift; sourceTree = "<group>"; };
		05AFE7B21E674626000640F2 /* Info.plist */ = {isa = PBXFileReference; lastKnownFileType = text.plist.xml; path = Info.plist; sourceTree = "<group>"; };
		05AFE7CC1E6748B4000640F2 /* MainConfigurator.swift */ = {isa = PBXFileReference; fileEncoding = 4; lastKnownFileType = sourcecode.swift; path = MainConfigurator.swift; sourceTree = "<group>"; };
		05AFE7CD1E6748B4000640F2 /* MainInteractor.swift */ = {isa = PBXFileReference; fileEncoding = 4; lastKnownFileType = sourcecode.swift; path = MainInteractor.swift; sourceTree = "<group>"; };
		05AFE7CE1E6748B4000640F2 /* MainModels.swift */ = {isa = PBXFileReference; fileEncoding = 4; lastKnownFileType = sourcecode.swift; path = MainModels.swift; sourceTree = "<group>"; };
		05AFE7CF1E6748B4000640F2 /* MainPresenter.swift */ = {isa = PBXFileReference; fileEncoding = 4; lastKnownFileType = sourcecode.swift; path = MainPresenter.swift; sourceTree = "<group>"; };
		05AFE7D01E6748B4000640F2 /* MainRouter.swift */ = {isa = PBXFileReference; fileEncoding = 4; lastKnownFileType = sourcecode.swift; path = MainRouter.swift; sourceTree = "<group>"; };
		05AFE7D11E6748B4000640F2 /* MainViewController.swift */ = {isa = PBXFileReference; fileEncoding = 4; lastKnownFileType = sourcecode.swift; path = MainViewController.swift; sourceTree = "<group>"; };
		05AFE7D21E6748B4000640F2 /* MainWorker.swift */ = {isa = PBXFileReference; fileEncoding = 4; lastKnownFileType = sourcecode.swift; path = MainWorker.swift; sourceTree = "<group>"; };
		05AFE7DC1E6748F6000640F2 /* MainInteractorTests.swift */ = {isa = PBXFileReference; fileEncoding = 4; lastKnownFileType = sourcecode.swift; path = MainInteractorTests.swift; sourceTree = "<group>"; };
		05AFE7DD1E6748F6000640F2 /* MainPresenterTests.swift */ = {isa = PBXFileReference; fileEncoding = 4; lastKnownFileType = sourcecode.swift; path = MainPresenterTests.swift; sourceTree = "<group>"; };
		05AFE7DE1E6748F6000640F2 /* MainViewControllerTests.swift */ = {isa = PBXFileReference; fileEncoding = 4; lastKnownFileType = sourcecode.swift; path = MainViewControllerTests.swift; sourceTree = "<group>"; };
		05AFE7DF1E6748F6000640F2 /* MainWorkerTests.swift */ = {isa = PBXFileReference; fileEncoding = 4; lastKnownFileType = sourcecode.swift; path = MainWorkerTests.swift; sourceTree = "<group>"; };
		05AFE7E91E674988000640F2 /* Player.swift */ = {isa = PBXFileReference; fileEncoding = 4; lastKnownFileType = sourcecode.swift; path = Player.swift; sourceTree = "<group>"; };
		05AFE7EB1E674ADB000640F2 /* PlayersWorker.swift */ = {isa = PBXFileReference; fileEncoding = 4; lastKnownFileType = sourcecode.swift; path = PlayersWorker.swift; sourceTree = "<group>"; };
		05AFE7ED1E674F16000640F2 /* PlayersMemStore.swift */ = {isa = PBXFileReference; fileEncoding = 4; lastKnownFileType = sourcecode.swift; path = PlayersMemStore.swift; sourceTree = "<group>"; };
		05AFE7EF1E675081000640F2 /* PlayersWorkerTests.swift */ = {isa = PBXFileReference; fileEncoding = 4; lastKnownFileType = sourcecode.swift; path = PlayersWorkerTests.swift; sourceTree = "<group>"; };
		05AFE7F11E675398000640F2 /* PlayersMemStoreTests.swift */ = {isa = PBXFileReference; fileEncoding = 4; lastKnownFileType = sourcecode.swift; path = PlayersMemStoreTests.swift; sourceTree = "<group>"; };
		05AFE7FF1E6774AA000640F2 /* TileOverlay.swift */ = {isa = PBXFileReference; fileEncoding = 4; lastKnownFileType = sourcecode.swift; path = TileOverlay.swift; sourceTree = "<group>"; };
		0FEAE0E6206C599B4154DDF2 /* Pods-WalkQuest.release.xcconfig */ = {isa = PBXFileReference; includeInIndex = 1; lastKnownFileType = text.xcconfig; name = "Pods-WalkQuest.release.xcconfig"; path = "Pods/Target Support Files/Pods-WalkQuest/Pods-WalkQuest.release.xcconfig"; sourceTree = "<group>"; };
		3D5600D0B08F39CF1C6E7C73 /* Pods_WalkQuest.framework */ = {isa = PBXFileReference; explicitFileType = wrapper.framework; includeInIndex = 0; path = Pods_WalkQuest.framework; sourceTree = BUILT_PRODUCTS_DIR; };
		745DD41083AD17445E3D15B5 /* Pods-WalkQuestTests.release.xcconfig */ = {isa = PBXFileReference; includeInIndex = 1; lastKnownFileType = text.xcconfig; name = "Pods-WalkQuestTests.release.xcconfig"; path = "Pods/Target Support Files/Pods-WalkQuestTests/Pods-WalkQuestTests.release.xcconfig"; sourceTree = "<group>"; };
		9A327C86E7D8567B279E61EB /* Pods_WalkQuestTests.framework */ = {isa = PBXFileReference; explicitFileType = wrapper.framework; includeInIndex = 0; path = Pods_WalkQuestTests.framework; sourceTree = BUILT_PRODUCTS_DIR; };
		AC907562094CCBC7A97274A9 /* Pods-WalkQuest.debug.xcconfig */ = {isa = PBXFileReference; includeInIndex = 1; lastKnownFileType = text.xcconfig; name = "Pods-WalkQuest.debug.xcconfig"; path = "Pods/Target Support Files/Pods-WalkQuest/Pods-WalkQuest.debug.xcconfig"; sourceTree = "<group>"; };
		C392AB2156123F12902D6C7C /* Pods-WalkQuestTests.debug.xcconfig */ = {isa = PBXFileReference; includeInIndex = 1; lastKnownFileType = text.xcconfig; name = "Pods-WalkQuestTests.debug.xcconfig"; path = "Pods/Target Support Files/Pods-WalkQuestTests/Pods-WalkQuestTests.debug.xcconfig"; sourceTree = "<group>"; };
/* End PBXFileReference section */

/* Begin PBXFrameworksBuildPhase section */
		05AFE7951E674625000640F2 /* Frameworks */ = {
			isa = PBXFrameworksBuildPhase;
			buildActionMask = 2147483647;
			files = (
				1F4B45753BA45EA6EF5C0438 /* Pods_WalkQuest.framework in Frameworks */,
			);
			runOnlyForDeploymentPostprocessing = 0;
		};
		05AFE7A91E674626000640F2 /* Frameworks */ = {
			isa = PBXFrameworksBuildPhase;
			buildActionMask = 2147483647;
			files = (
				A5ACD1487ABFD6A8B9D28923 /* Pods_WalkQuestTests.framework in Frameworks */,
			);
			runOnlyForDeploymentPostprocessing = 0;
		};
/* End PBXFrameworksBuildPhase section */

/* Begin PBXGroup section */
		05AFE78F1E674625000640F2 = {
			isa = PBXGroup;
			children = (
				05AFE79A1E674625000640F2 /* WalkQuest */,
				05AFE7AF1E674626000640F2 /* WalkQuestTests */,
				05AFE7991E674625000640F2 /* Products */,
				4452A3E7728EA4F99733C149 /* Pods */,
				1CCB479DA42B94C0C1867ECE /* Frameworks */,
			);
			sourceTree = "<group>";
		};
		05AFE7991E674625000640F2 /* Products */ = {
			isa = PBXGroup;
			children = (
				05AFE7981E674625000640F2 /* WalkQuest.app */,
				05AFE7AC1E674626000640F2 /* WalkQuestTests.xctest */,
			);
			name = Products;
			sourceTree = "<group>";
		};
		05AFE79A1E674625000640F2 /* WalkQuest */ = {
			isa = PBXGroup;
			children = (
				05AFE7E41E674959000640F2 /* Models */,
				05AFE7E51E674959000640F2 /* Services */,
				05AFE7E61E674959000640F2 /* Workers */,
				05AFE7CA1E6748B4000640F2 /* Scenes */,
				05AFE79B1E674625000640F2 /* AppDelegate.swift */,
				05AFE79F1E674625000640F2 /* Main.storyboard */,
				05AFE7A21E674625000640F2 /* Assets.xcassets */,
				05AFE7A41E674625000640F2 /* LaunchScreen.storyboard */,
				05AFE7A71E674625000640F2 /* Info.plist */,
			);
			path = WalkQuest;
			sourceTree = "<group>";
		};
		05AFE7AF1E674626000640F2 /* WalkQuestTests */ = {
			isa = PBXGroup;
			children = (
				05AFE7E71E674964000640F2 /* Services */,
				05AFE7E81E674964000640F2 /* Workers */,
				05AFE7DA1E6748E5000640F2 /* Scenes */,
				05AFE7B01E674626000640F2 /* WalkQuestTests.swift */,
				05AFE7B21E674626000640F2 /* Info.plist */,
			);
			path = WalkQuestTests;
			sourceTree = "<group>";
		};
		05AFE7CA1E6748B4000640F2 /* Scenes */ = {
			isa = PBXGroup;
			children = (
				05AFE7CB1E6748B4000640F2 /* Main */,
			);
			path = Scenes;
			sourceTree = "<group>";
		};
		05AFE7CB1E6748B4000640F2 /* Main */ = {
			isa = PBXGroup;
			children = (
				05AFE7CC1E6748B4000640F2 /* MainConfigurator.swift */,
				05AFE7CD1E6748B4000640F2 /* MainInteractor.swift */,
				05AFE7CE1E6748B4000640F2 /* MainModels.swift */,
				05AFE7CF1E6748B4000640F2 /* MainPresenter.swift */,
				05AFE7D01E6748B4000640F2 /* MainRouter.swift */,
				05AFE7D11E6748B4000640F2 /* MainViewController.swift */,
				05AFE7D21E6748B4000640F2 /* MainWorker.swift */,
				05AFE7FF1E6774AA000640F2 /* TileOverlay.swift */,
			);
			path = Main;
			sourceTree = "<group>";
		};
		05AFE7DA1E6748E5000640F2 /* Scenes */ = {
			isa = PBXGroup;
			children = (
				05AFE7DB1E6748E5000640F2 /* Main */,
			);
			path = Scenes;
			sourceTree = "<group>";
		};
		05AFE7DB1E6748E5000640F2 /* Main */ = {
			isa = PBXGroup;
			children = (
				05AFE7DC1E6748F6000640F2 /* MainInteractorTests.swift */,
				05AFE7DD1E6748F6000640F2 /* MainPresenterTests.swift */,
				05AFE7DE1E6748F6000640F2 /* MainViewControllerTests.swift */,
				05AFE7DF1E6748F6000640F2 /* MainWorkerTests.swift */,
			);
			path = Main;
			sourceTree = "<group>";
		};
		05AFE7E41E674959000640F2 /* Models */ = {
			isa = PBXGroup;
			children = (
				05AFE7E91E674988000640F2 /* Player.swift */,
			);
			path = Models;
			sourceTree = "<group>";
		};
		05AFE7E51E674959000640F2 /* Services */ = {
			isa = PBXGroup;
			children = (
				05AFE7ED1E674F16000640F2 /* PlayersMemStore.swift */,
			);
			path = Services;
			sourceTree = "<group>";
		};
		05AFE7E61E674959000640F2 /* Workers */ = {
			isa = PBXGroup;
			children = (
				05AFE7EB1E674ADB000640F2 /* PlayersWorker.swift */,
			);
			path = Workers;
			sourceTree = "<group>";
		};
		05AFE7E71E674964000640F2 /* Services */ = {
			isa = PBXGroup;
			children = (
				05AFE7F11E675398000640F2 /* PlayersMemStoreTests.swift */,
			);
			path = Services;
			sourceTree = "<group>";
		};
		05AFE7E81E674964000640F2 /* Workers */ = {
			isa = PBXGroup;
			children = (
				05AFE7EF1E675081000640F2 /* PlayersWorkerTests.swift */,
			);
			path = Workers;
			sourceTree = "<group>";
		};
		1CCB479DA42B94C0C1867ECE /* Frameworks */ = {
			isa = PBXGroup;
			children = (
				3D5600D0B08F39CF1C6E7C73 /* Pods_WalkQuest.framework */,
				9A327C86E7D8567B279E61EB /* Pods_WalkQuestTests.framework */,
			);
			name = Frameworks;
			sourceTree = "<group>";
		};
		4452A3E7728EA4F99733C149 /* Pods */ = {
			isa = PBXGroup;
			children = (
				AC907562094CCBC7A97274A9 /* Pods-WalkQuest.debug.xcconfig */,
				0FEAE0E6206C599B4154DDF2 /* Pods-WalkQuest.release.xcconfig */,
				C392AB2156123F12902D6C7C /* Pods-WalkQuestTests.debug.xcconfig */,
				745DD41083AD17445E3D15B5 /* Pods-WalkQuestTests.release.xcconfig */,
			);
			name = Pods;
			sourceTree = "<group>";
		};
/* End PBXGroup section */

/* Begin PBXNativeTarget section */
		05AFE7971E674625000640F2 /* WalkQuest */ = {
			isa = PBXNativeTarget;
			buildConfigurationList = 05AFE7B51E674626000640F2 /* Build configuration list for PBXNativeTarget "WalkQuest" */;
			buildPhases = (
				3A7B2D7397CAAF28B82E1286 /* [CP] Check Pods Manifest.lock */,
				05AFE7941E674625000640F2 /* Sources */,
				05AFE7951E674625000640F2 /* Frameworks */,
				05AFE7961E674625000640F2 /* Resources */,
				39E61AAF977011628954E641 /* [CP] Embed Pods Frameworks */,
				BD662C1D3E065BA17E4F9EEA /* [CP] Copy Pods Resources */,
			);
			buildRules = (
			);
			dependencies = (
			);
			name = WalkQuest;
			productName = WalkQuest;
			productReference = 05AFE7981E674625000640F2 /* WalkQuest.app */;
			productType = "com.apple.product-type.application";
		};
		05AFE7AB1E674626000640F2 /* WalkQuestTests */ = {
			isa = PBXNativeTarget;
			buildConfigurationList = 05AFE7B81E674626000640F2 /* Build configuration list for PBXNativeTarget "WalkQuestTests" */;
			buildPhases = (
				4391AB3DD9BE0A3F2BFA289A /* [CP] Check Pods Manifest.lock */,
				05AFE7A81E674626000640F2 /* Sources */,
				05AFE7A91E674626000640F2 /* Frameworks */,
				05AFE7AA1E674626000640F2 /* Resources */,
				45879676CA54C2B64ED969FC /* [CP] Embed Pods Frameworks */,
				021CADBF8F00A7010DC70599 /* [CP] Copy Pods Resources */,
			);
			buildRules = (
			);
			dependencies = (
				05AFE7AE1E674626000640F2 /* PBXTargetDependency */,
			);
			name = WalkQuestTests;
			productName = WalkQuestTests;
			productReference = 05AFE7AC1E674626000640F2 /* WalkQuestTests.xctest */;
			productType = "com.apple.product-type.bundle.unit-test";
		};
/* End PBXNativeTarget section */

/* Begin PBXProject section */
		05AFE7901E674625000640F2 /* Project object */ = {
			isa = PBXProject;
			attributes = {
				LastSwiftUpdateCheck = 0820;
				LastUpgradeCheck = 0820;
				ORGANIZATIONNAME = damarte;
				TargetAttributes = {
					05AFE7971E674625000640F2 = {
						CreatedOnToolsVersion = 8.2.1;
						DevelopmentTeam = AG9Q7525WJ;
						ProvisioningStyle = Automatic;
					};
					05AFE7AB1E674626000640F2 = {
						CreatedOnToolsVersion = 8.2.1;
						DevelopmentTeam = AG9Q7525WJ;
						ProvisioningStyle = Automatic;
						TestTargetID = 05AFE7971E674625000640F2;
					};
				};
			};
			buildConfigurationList = 05AFE7931E674625000640F2 /* Build configuration list for PBXProject "WalkQuest" */;
			compatibilityVersion = "Xcode 3.2";
			developmentRegion = English;
			hasScannedForEncodings = 0;
			knownRegions = (
				en,
				Base,
			);
			mainGroup = 05AFE78F1E674625000640F2;
			productRefGroup = 05AFE7991E674625000640F2 /* Products */;
			projectDirPath = "";
			projectRoot = "";
			targets = (
				05AFE7971E674625000640F2 /* WalkQuest */,
				05AFE7AB1E674626000640F2 /* WalkQuestTests */,
			);
		};
/* End PBXProject section */

/* Begin PBXResourcesBuildPhase section */
		05AFE7961E674625000640F2 /* Resources */ = {
			isa = PBXResourcesBuildPhase;
			buildActionMask = 2147483647;
			files = (
				05AFE7A61E674625000640F2 /* LaunchScreen.storyboard in Resources */,
				05AFE7A31E674625000640F2 /* Assets.xcassets in Resources */,
				05AFE7A11E674625000640F2 /* Main.storyboard in Resources */,
			);
			runOnlyForDeploymentPostprocessing = 0;
		};
		05AFE7AA1E674626000640F2 /* Resources */ = {
			isa = PBXResourcesBuildPhase;
			buildActionMask = 2147483647;
			files = (
			);
			runOnlyForDeploymentPostprocessing = 0;
		};
/* End PBXResourcesBuildPhase section */

/* Begin PBXShellScriptBuildPhase section */
		021CADBF8F00A7010DC70599 /* [CP] Copy Pods Resources */ = {
			isa = PBXShellScriptBuildPhase;
			buildActionMask = 2147483647;
			files = (
			);
			inputPaths = (
			);
			name = "[CP] Copy Pods Resources";
			outputPaths = (
			);
			runOnlyForDeploymentPostprocessing = 0;
			shellPath = /bin/sh;
			shellScript = "\"${SRCROOT}/Pods/Target Support Files/Pods-WalkQuestTests/Pods-WalkQuestTests-resources.sh\"\n";
			showEnvVarsInLog = 0;
		};
		39E61AAF977011628954E641 /* [CP] Embed Pods Frameworks */ = {
			isa = PBXShellScriptBuildPhase;
			buildActionMask = 2147483647;
			files = (
			);
			inputPaths = (
			);
			name = "[CP] Embed Pods Frameworks";
			outputPaths = (
			);
			runOnlyForDeploymentPostprocessing = 0;
			shellPath = /bin/sh;
			shellScript = "\"${SRCROOT}/Pods/Target Support Files/Pods-WalkQuest/Pods-WalkQuest-frameworks.sh\"\n";
			showEnvVarsInLog = 0;
		};
		3A7B2D7397CAAF28B82E1286 /* [CP] Check Pods Manifest.lock */ = {
			isa = PBXShellScriptBuildPhase;
			buildActionMask = 2147483647;
			files = (
			);
			inputPaths = (
			);
			name = "[CP] Check Pods Manifest.lock";
			outputPaths = (
			);
			runOnlyForDeploymentPostprocessing = 0;
			shellPath = /bin/sh;
			shellScript = "diff \"${PODS_ROOT}/../Podfile.lock\" \"${PODS_ROOT}/Manifest.lock\" > /dev/null\nif [ $? != 0 ] ; then\n    # print error to STDERR\n    echo \"error: The sandbox is not in sync with the Podfile.lock. Run 'pod install' or update your CocoaPods installation.\" >&2\n    exit 1\nfi\n";
			showEnvVarsInLog = 0;
		};
		4391AB3DD9BE0A3F2BFA289A /* [CP] Check Pods Manifest.lock */ = {
			isa = PBXShellScriptBuildPhase;
			buildActionMask = 2147483647;
			files = (
			);
			inputPaths = (
			);
			name = "[CP] Check Pods Manifest.lock";
			outputPaths = (
			);
			runOnlyForDeploymentPostprocessing = 0;
			shellPath = /bin/sh;
			shellScript = "diff \"${PODS_ROOT}/../Podfile.lock\" \"${PODS_ROOT}/Manifest.lock\" > /dev/null\nif [ $? != 0 ] ; then\n    # print error to STDERR\n    echo \"error: The sandbox is not in sync with the Podfile.lock. Run 'pod install' or update your CocoaPods installation.\" >&2\n    exit 1\nfi\n";
			showEnvVarsInLog = 0;
		};
		45879676CA54C2B64ED969FC /* [CP] Embed Pods Frameworks */ = {
			isa = PBXShellScriptBuildPhase;
			buildActionMask = 2147483647;
			files = (
			);
			inputPaths = (
			);
			name = "[CP] Embed Pods Frameworks";
			outputPaths = (
			);
			runOnlyForDeploymentPostprocessing = 0;
			shellPath = /bin/sh;
			shellScript = "\"${SRCROOT}/Pods/Target Support Files/Pods-WalkQuestTests/Pods-WalkQuestTests-frameworks.sh\"\n";
			showEnvVarsInLog = 0;
		};
		BD662C1D3E065BA17E4F9EEA /* [CP] Copy Pods Resources */ = {
			isa = PBXShellScriptBuildPhase;
			buildActionMask = 2147483647;
			files = (
			);
			inputPaths = (
			);
			name = "[CP] Copy Pods Resources";
			outputPaths = (
			);
			runOnlyForDeploymentPostprocessing = 0;
			shellPath = /bin/sh;
			shellScript = "\"${SRCROOT}/Pods/Target Support Files/Pods-WalkQuest/Pods-WalkQuest-resources.sh\"\n";
			showEnvVarsInLog = 0;
		};
/* End PBXShellScriptBuildPhase section */

/* Begin PBXSourcesBuildPhase section */
		05AFE7941E674625000640F2 /* Sources */ = {
			isa = PBXSourcesBuildPhase;
			buildActionMask = 2147483647;
			files = (
				05AFE7EE1E674F16000640F2 /* PlayersMemStore.swift in Sources */,
				05AFE7D71E6748B4000640F2 /* MainRouter.swift in Sources */,
				05AFE7EC1E674ADB000640F2 /* PlayersWorker.swift in Sources */,
				05AFE7D61E6748B4000640F2 /* MainPresenter.swift in Sources */,
				05AFE79C1E674625000640F2 /* AppDelegate.swift in Sources */,
				05AFE7D91E6748B4000640F2 /* MainWorker.swift in Sources */,
				05AFE7D51E6748B4000640F2 /* MainModels.swift in Sources */,
				05AFE7D31E6748B4000640F2 /* MainConfigurator.swift in Sources */,
				05AFE7D41E6748B4000640F2 /* MainInteractor.swift in Sources */,
				05AFE7EA1E674988000640F2 /* Player.swift in Sources */,
				05AFE8001E6774AA000640F2 /* TileOverlay.swift in Sources */,
				05AFE7D81E6748B4000640F2 /* MainViewController.swift in Sources */,
			);
			runOnlyForDeploymentPostprocessing = 0;
		};
		05AFE7A81E674626000640F2 /* Sources */ = {
			isa = PBXSourcesBuildPhase;
			buildActionMask = 2147483647;
			files = (
				05AFE7E31E6748F6000640F2 /* MainWorkerTests.swift in Sources */,
				05AFE7E11E6748F6000640F2 /* MainPresenterTests.swift in Sources */,
				05AFE7F21E675398000640F2 /* PlayersMemStoreTests.swift in Sources */,
				05AFE7B11E674626000640F2 /* WalkQuestTests.swift in Sources */,
				05AFE7E01E6748F6000640F2 /* MainInteractorTests.swift in Sources */,
				05AFE7F01E675081000640F2 /* PlayersWorkerTests.swift in Sources */,
				05AFE7E21E6748F6000640F2 /* MainViewControllerTests.swift in Sources */,
			);
			runOnlyForDeploymentPostprocessing = 0;
		};
/* End PBXSourcesBuildPhase section */

/* Begin PBXTargetDependency section */
		05AFE7AE1E674626000640F2 /* PBXTargetDependency */ = {
			isa = PBXTargetDependency;
			target = 05AFE7971E674625000640F2 /* WalkQuest */;
			targetProxy = 05AFE7AD1E674626000640F2 /* PBXContainerItemProxy */;
		};
/* End PBXTargetDependency section */

/* Begin PBXVariantGroup section */
		05AFE79F1E674625000640F2 /* Main.storyboard */ = {
			isa = PBXVariantGroup;
			children = (
				05AFE7A01E674625000640F2 /* Base */,
			);
			name = Main.storyboard;
			sourceTree = "<group>";
		};
		05AFE7A41E674625000640F2 /* LaunchScreen.storyboard */ = {
			isa = PBXVariantGroup;
			children = (
				05AFE7A51E674625000640F2 /* Base */,
			);
			name = LaunchScreen.storyboard;
			sourceTree = "<group>";
		};
/* End PBXVariantGroup section */

/* Begin XCBuildConfiguration section */
		05AFE7B31E674626000640F2 /* Debug */ = {
			isa = XCBuildConfiguration;
			buildSettings = {
				ALWAYS_SEARCH_USER_PATHS = NO;
				CLANG_ANALYZER_NONNULL = YES;
				CLANG_CXX_LANGUAGE_STANDARD = "gnu++0x";
				CLANG_CXX_LIBRARY = "libc++";
				CLANG_ENABLE_MODULES = YES;
				CLANG_ENABLE_OBJC_ARC = YES;
				CLANG_WARN_BOOL_CONVERSION = YES;
				CLANG_WARN_CONSTANT_CONVERSION = YES;
				CLANG_WARN_DIRECT_OBJC_ISA_USAGE = YES_ERROR;
				CLANG_WARN_DOCUMENTATION_COMMENTS = YES;
				CLANG_WARN_EMPTY_BODY = YES;
				CLANG_WARN_ENUM_CONVERSION = YES;
				CLANG_WARN_INFINITE_RECURSION = YES;
				CLANG_WARN_INT_CONVERSION = YES;
				CLANG_WARN_OBJC_ROOT_CLASS = YES_ERROR;
				CLANG_WARN_SUSPICIOUS_MOVE = YES;
				CLANG_WARN_UNREACHABLE_CODE = YES;
				CLANG_WARN__DUPLICATE_METHOD_MATCH = YES;
				"CODE_SIGN_IDENTITY[sdk=iphoneos*]" = "iPhone Developer";
				COPY_PHASE_STRIP = NO;
				DEBUG_INFORMATION_FORMAT = dwarf;
				ENABLE_STRICT_OBJC_MSGSEND = YES;
				ENABLE_TESTABILITY = YES;
				GCC_C_LANGUAGE_STANDARD = gnu99;
				GCC_DYNAMIC_NO_PIC = NO;
				GCC_NO_COMMON_BLOCKS = YES;
				GCC_OPTIMIZATION_LEVEL = 0;
				GCC_PREPROCESSOR_DEFINITIONS = (
					"DEBUG=1",
					"$(inherited)",
				);
				GCC_WARN_64_TO_32_BIT_CONVERSION = YES;
				GCC_WARN_ABOUT_RETURN_TYPE = YES_ERROR;
				GCC_WARN_UNDECLARED_SELECTOR = YES;
				GCC_WARN_UNINITIALIZED_AUTOS = YES_AGGRESSIVE;
				GCC_WARN_UNUSED_FUNCTION = YES;
				GCC_WARN_UNUSED_VARIABLE = YES;
				IPHONEOS_DEPLOYMENT_TARGET = 10.2;
				MTL_ENABLE_DEBUG_INFO = YES;
				ONLY_ACTIVE_ARCH = YES;
				SDKROOT = iphoneos;
				SWIFT_ACTIVE_COMPILATION_CONDITIONS = DEBUG;
				SWIFT_OPTIMIZATION_LEVEL = "-Onone";
			};
			name = Debug;
		};
		05AFE7B41E674626000640F2 /* Release */ = {
			isa = XCBuildConfiguration;
			buildSettings = {
				ALWAYS_SEARCH_USER_PATHS = NO;
				CLANG_ANALYZER_NONNULL = YES;
				CLANG_CXX_LANGUAGE_STANDARD = "gnu++0x";
				CLANG_CXX_LIBRARY = "libc++";
				CLANG_ENABLE_MODULES = YES;
				CLANG_ENABLE_OBJC_ARC = YES;
				CLANG_WARN_BOOL_CONVERSION = YES;
				CLANG_WARN_CONSTANT_CONVERSION = YES;
				CLANG_WARN_DIRECT_OBJC_ISA_USAGE = YES_ERROR;
				CLANG_WARN_DOCUMENTATION_COMMENTS = YES;
				CLANG_WARN_EMPTY_BODY = YES;
				CLANG_WARN_ENUM_CONVERSION = YES;
				CLANG_WARN_INFINITE_RECURSION = YES;
				CLANG_WARN_INT_CONVERSION = YES;
				CLANG_WARN_OBJC_ROOT_CLASS = YES_ERROR;
				CLANG_WARN_SUSPICIOUS_MOVE = YES;
				CLANG_WARN_UNREACHABLE_CODE = YES;
				CLANG_WARN__DUPLICATE_METHOD_MATCH = YES;
				"CODE_SIGN_IDENTITY[sdk=iphoneos*]" = "iPhone Developer";
				COPY_PHASE_STRIP = NO;
				DEBUG_INFORMATION_FORMAT = "dwarf-with-dsym";
				ENABLE_NS_ASSERTIONS = NO;
				ENABLE_STRICT_OBJC_MSGSEND = YES;
				GCC_C_LANGUAGE_STANDARD = gnu99;
				GCC_NO_COMMON_BLOCKS = YES;
				GCC_WARN_64_TO_32_BIT_CONVERSION = YES;
				GCC_WARN_ABOUT_RETURN_TYPE = YES_ERROR;
				GCC_WARN_UNDECLARED_SELECTOR = YES;
				GCC_WARN_UNINITIALIZED_AUTOS = YES_AGGRESSIVE;
				GCC_WARN_UNUSED_FUNCTION = YES;
				GCC_WARN_UNUSED_VARIABLE = YES;
				IPHONEOS_DEPLOYMENT_TARGET = 10.2;
				MTL_ENABLE_DEBUG_INFO = NO;
				SDKROOT = iphoneos;
				SWIFT_OPTIMIZATION_LEVEL = "-Owholemodule";
				VALIDATE_PRODUCT = YES;
			};
			name = Release;
		};
		05AFE7B61E674626000640F2 /* Debug */ = {
			isa = XCBuildConfiguration;
			baseConfigurationReference = AC907562094CCBC7A97274A9 /* Pods-WalkQuest.debug.xcconfig */;
			buildSettings = {
				ASSETCATALOG_COMPILER_APPICON_NAME = AppIcon;
				DEVELOPMENT_TEAM = AG9Q7525WJ;
				INFOPLIST_FILE = WalkQuest/Info.plist;
				LD_RUNPATH_SEARCH_PATHS = "$(inherited) @executable_path/Frameworks";
				PRODUCT_BUNDLE_IDENTIFIER = com.damarte.walkquest.WalkQuest;
				PRODUCT_NAME = "$(TARGET_NAME)";
				SWIFT_VERSION = 3.0;
			};
			name = Debug;
		};
		05AFE7B71E674626000640F2 /* Release */ = {
			isa = XCBuildConfiguration;
			baseConfigurationReference = 0FEAE0E6206C599B4154DDF2 /* Pods-WalkQuest.release.xcconfig */;
			buildSettings = {
				ASSETCATALOG_COMPILER_APPICON_NAME = AppIcon;
				DEVELOPMENT_TEAM = AG9Q7525WJ;
				INFOPLIST_FILE = WalkQuest/Info.plist;
				LD_RUNPATH_SEARCH_PATHS = "$(inherited) @executable_path/Frameworks";
				PRODUCT_BUNDLE_IDENTIFIER = com.damarte.walkquest.WalkQuest;
				PRODUCT_NAME = "$(TARGET_NAME)";
				SWIFT_VERSION = 3.0;
			};
			name = Release;
		};
		05AFE7B91E674626000640F2 /* Debug */ = {
			isa = XCBuildConfiguration;
			baseConfigurationReference = C392AB2156123F12902D6C7C /* Pods-WalkQuestTests.debug.xcconfig */;
			buildSettings = {
				ALWAYS_EMBED_SWIFT_STANDARD_LIBRARIES = YES;
				BUNDLE_LOADER = "$(TEST_HOST)";
				DEVELOPMENT_TEAM = AG9Q7525WJ;
				INFOPLIST_FILE = WalkQuestTests/Info.plist;
				LD_RUNPATH_SEARCH_PATHS = "$(inherited) @executable_path/Frameworks @loader_path/Frameworks";
				PRODUCT_BUNDLE_IDENTIFIER = com.damarte.walkquest.WalkQuestTests;
				PRODUCT_NAME = "$(TARGET_NAME)";
				SWIFT_VERSION = 3.0;
				TEST_HOST = "$(BUILT_PRODUCTS_DIR)/WalkQuest.app/WalkQuest";
			};
			name = Debug;
		};
		05AFE7BA1E674626000640F2 /* Release */ = {
			isa = XCBuildConfiguration;
			baseConfigurationReference = 745DD41083AD17445E3D15B5 /* Pods-WalkQuestTests.release.xcconfig */;
			buildSettings = {
				ALWAYS_EMBED_SWIFT_STANDARD_LIBRARIES = YES;
				BUNDLE_LOADER = "$(TEST_HOST)";
				DEVELOPMENT_TEAM = AG9Q7525WJ;
				INFOPLIST_FILE = WalkQuestTests/Info.plist;
				LD_RUNPATH_SEARCH_PATHS = "$(inherited) @executable_path/Frameworks @loader_path/Frameworks";
				PRODUCT_BUNDLE_IDENTIFIER = com.damarte.walkquest.WalkQuestTests;
				PRODUCT_NAME = "$(TARGET_NAME)";
				SWIFT_VERSION = 3.0;
				TEST_HOST = "$(BUILT_PRODUCTS_DIR)/WalkQuest.app/WalkQuest";
			};
			name = Release;
		};
/* End XCBuildConfiguration section */

/* Begin XCConfigurationList section */
		05AFE7931E674625000640F2 /* Build configuration list for PBXProject "WalkQuest" */ = {
			isa = XCConfigurationList;
			buildConfigurations = (
				05AFE7B31E674626000640F2 /* Debug */,
				05AFE7B41E674626000640F2 /* Release */,
			);
			defaultConfigurationIsVisible = 0;
			defaultConfigurationName = Release;
		};
		05AFE7B51E674626000640F2 /* Build configuration list for PBXNativeTarget "WalkQuest" */ = {
			isa = XCConfigurationList;
			buildConfigurations = (
				05AFE7B61E674626000640F2 /* Debug */,
				05AFE7B71E674626000640F2 /* Release */,
			);
			defaultConfigurationIsVisible = 0;
			defaultConfigurationName = Release;
		};
		05AFE7B81E674626000640F2 /* Build configuration list for PBXNativeTarget "WalkQuestTests" */ = {
			isa = XCConfigurationList;
			buildConfigurations = (
				05AFE7B91E674626000640F2 /* Debug */,
				05AFE7BA1E674626000640F2 /* Release */,
			);
			defaultConfigurationIsVisible = 0;
			defaultConfigurationName = Release;
		};
/* End XCConfigurationList section */
	};
	rootObject = 05AFE7901E674625000640F2 /* Project object */;
}
